
Microsoft Visual Studio Solution File, Format Version 12.00
# Visual Studio Version 16
VisualStudioVersion = 16.0.31019.35
MinimumVisualStudioVersion = 10.0.40219.1
Project("{FAE04EC0-301F-11D3-BF4B-00C04F79EFBC}") = "210414_DotNetNote", "210414_DotNetNote\210414_DotNetNote.csproj", "{7EEB89F8-B994-43D3-9A36-F41A42A7DBE4}"
EndProject
Project("{00D1A9C2-B5F0-4AF3-8072-F6C62B433612}") = "DotNetNote.Database", "DotNetNote.Database\DotNetNote.Database.sqlproj", "{9DD3C260-523F-4BE8-877F-A90B7668DB3B}"
EndProject
Project("{FAE04EC0-301F-11D3-BF4B-00C04F79EFBC}") = "Helpers.Test", "Helpers.Test\Helpers.Test.csproj", "{ECC350DC-621C-42C9-BE8F-706E96278937}"
EndProject
Project("{FAE04EC0-301F-11D3-BF4B-00C04F79EFBC}") = "Helpers", "Helpers\Helpers.csproj", "{5637C10D-F0CD-4FB8-9C12-66E0AAB213D5}"
EndProject
Global
	GlobalSection(SolutionConfigurationPlatforms) = preSolution
		Debug|Any CPU = Debug|Any CPU
		Release|Any CPU = Release|Any CPU
	EndGlobalSection
	GlobalSection(ProjectConfigurationPlatforms) = postSolution
		{7EEB89F8-B994-43D3-9A36-F41A42A7DBE4}.Debug|Any CPU.ActiveCfg = Debug|Any CPU
		{7EEB89F8-B994-43D3-9A36-F41A42A7DBE4}.Debug|Any CPU.Build.0 = Debug|Any CPU
		{7EEB89F8-B994-43D3-9A36-F41A42A7DBE4}.Release|Any CPU.ActiveCfg = Release|Any CPU
		{7EEB89F8-B994-43D3-9A36-F41A42A7DBE4}.Release|Any CPU.Build.0 = Release|Any CPU
		{9DD3C260-523F-4BE8-877F-A90B7668DB3B}.Debug|Any CPU.ActiveCfg = Debug|Any CPU
		{9DD3C260-523F-4BE8-877F-A90B7668DB3B}.Debug|Any CPU.Build.0 = Debug|Any CPU
		{9DD3C260-523F-4BE8-877F-A90B7668DB3B}.Debug|Any CPU.Deploy.0 = Debug|Any CPU
		{9DD3C260-523F-4BE8-877F-A90B7668DB3B}.Release|Any CPU.ActiveCfg = Release|Any CPU
		{9DD3C260-523F-4BE8-877F-A90B7668DB3B}.Release|Any CPU.Build.0 = Release|Any CPU
		{9DD3C260-523F-4BE8-877F-A90B7668DB3B}.Release|Any CPU.Deploy.0 = Release|Any CPU
		{ECC350DC-621C-42C9-BE8F-706E96278937}.Debug|Any CPU.ActiveCfg = Debug|Any CPU
		{ECC350DC-621C-42C9-BE8F-706E96278937}.Debug|Any CPU.Build.0 = Debug|Any CPU
		{ECC350DC-621C-42C9-BE8F-706E96278937}.Release|Any CPU.ActiveCfg = Release|Any CPU
		{ECC350DC-621C-42C9-BE8F-706E96278937}.Release|Any CPU.Build.0 = Release|Any CPU
		{5637C10D-F0CD-4FB8-9C12-66E0AAB213D5}.Debug|Any CPU.ActiveCfg = Debug|Any CPU
		{5637C10D-F0CD-4FB8-9C12-66E0AAB213D5}.Debug|Any CPU.Build.0 = Debug|Any CPU
		{5637C10D-F0CD-4FB8-9C12-66E0AAB213D5}.Release|Any CPU.ActiveCfg = Release|Any CPU
		{5637C10D-F0CD-4FB8-9C12-66E0AAB213D5}.Release|Any CPU.Build.0 = Release|Any CPU
	EndGlobalSection
	GlobalSection(SolutionProperties) = preSolution
		HideSolutionNode = FALSE
	EndGlobalSection
	GlobalSection(ExtensibilityGlobals) = postSolution
		SolutionGuid = {27B5DF3F-99AA-415E-9F2D-682979C80775}
	EndGlobalSection
EndGlobal
